
Microsoft Visual Studio Solution File, Format Version 12.00
# Visual Studio 15
VisualStudioVersion = 15.0.26124.0
MinimumVisualStudioVersion = 15.0.26124.0
Project("{9A19103F-16F7-4668-BE54-9A1E7A4F7556}") = "QuizOnline.App", "QuizApp\QuizOnline.App.csproj", "{60C359ED-9D3D-42A8-8C30-4ABA99FF058A}"
EndProject
Project("{9A19103F-16F7-4668-BE54-9A1E7A4F7556}") = "QuizOnline.Models", "QuizModels\QuizOnline.Models.csproj", "{D17D9E80-37FD-4B76-82D0-25A9284ADB4A}"
EndProject
Global
	GlobalSection(SolutionConfigurationPlatforms) = preSolution
		Debug|Any CPU = Debug|Any CPU
		Debug|x64 = Debug|x64
		Debug|x86 = Debug|x86
		Release|Any CPU = Release|Any CPU
		Release|x64 = Release|x64
		Release|x86 = Release|x86
	EndGlobalSection
	GlobalSection(ProjectConfigurationPlatforms) = postSolution
		{60C359ED-9D3D-42A8-8C30-4ABA99FF058A}.Debug|Any CPU.ActiveCfg = Debug|Any CPU
		{60C359ED-9D3D-42A8-8C30-4ABA99FF058A}.Debug|Any CPU.Build.0 = Debug|Any CPU
		{60C359ED-9D3D-42A8-8C30-4ABA99FF058A}.Debug|x64.ActiveCfg = Debug|Any CPU
		{60C359ED-9D3D-42A8-8C30-4ABA99FF058A}.Debug|x64.Build.0 = Debug|Any CPU
		{60C359ED-9D3D-42A8-8C30-4ABA99FF058A}.Debug|x86.ActiveCfg = Debug|Any CPU
		{60C359ED-9D3D-42A8-8C30-4ABA99FF058A}.Debug|x86.Build.0 = Debug|Any CPU
		{60C359ED-9D3D-42A8-8C30-4ABA99FF058A}.Release|Any CPU.ActiveCfg = Release|Any CPU
		{60C359ED-9D3D-42A8-8C30-4ABA99FF058A}.Release|Any CPU.Build.0 = Release|Any CPU
		{60C359ED-9D3D-42A8-8C30-4ABA99FF058A}.Release|x64.ActiveCfg = Release|Any CPU
		{60C359ED-9D3D-42A8-8C30-4ABA99FF058A}.Release|x64.Build.0 = Release|Any CPU
		{60C359ED-9D3D-42A8-8C30-4ABA99FF058A}.Release|x86.ActiveCfg = Release|Any CPU
		{60C359ED-9D3D-42A8-8C30-4ABA99FF058A}.Release|x86.Build.0 = Release|Any CPU
		{D17D9E80-37FD-4B76-82D0-25A9284ADB4A}.Debug|Any CPU.ActiveCfg = Debug|Any CPU
		{D17D9E80-37FD-4B76-82D0-25A9284ADB4A}.Debug|Any CPU.Build.0 = Debug|Any CPU
		{D17D9E80-37FD-4B76-82D0-25A9284ADB4A}.Debug|x64.ActiveCfg = Debug|Any CPU
		{D17D9E80-37FD-4B76-82D0-25A9284ADB4A}.Debug|x64.Build.0 = Debug|Any CPU
		{D17D9E80-37FD-4B76-82D0-25A9284ADB4A}.Debug|x86.ActiveCfg = Debug|Any CPU
		{D17D9E80-37FD-4B76-82D0-25A9284ADB4A}.Debug|x86.Build.0 = Debug|Any CPU
		{D17D9E80-37FD-4B76-82D0-25A9284ADB4A}.Release|Any CPU.ActiveCfg = Release|Any CPU
		{D17D9E80-37FD-4B76-82D0-25A9284ADB4A}.Release|Any CPU.Build.0 = Release|Any CPU
		{D17D9E80-37FD-4B76-82D0-25A9284ADB4A}.Release|x64.ActiveCfg = Release|Any CPU
		{D17D9E80-37FD-4B76-82D0-25A9284ADB4A}.Release|x64.Build.0 = Release|Any CPU
		{D17D9E80-37FD-4B76-82D0-25A9284ADB4A}.Release|x86.ActiveCfg = Release|Any CPU
		{D17D9E80-37FD-4B76-82D0-25A9284ADB4A}.Release|x86.Build.0 = Release|Any CPU
	EndGlobalSection
	GlobalSection(SolutionProperties) = preSolution
		HideSolutionNode = FALSE
	EndGlobalSection
	GlobalSection(ExtensibilityGlobals) = postSolution
		SolutionGuid = {E3814984-D46D-4DEE-B467-001528530000}
	EndGlobalSection
EndGlobal
